// !$*UTF8*$!
{
	archiveVersion = 1;
	classes = {
	};
	objectVersion = 46;
	objects = {

/* Begin PBXBuildFile section */
		135EB12A1B3A198A00B647C5 /* FBMissingSymbols.m in Sources */ = {isa = PBXBuildFile; fileRef = 135EB1291B3A198900B647C5 /* FBMissingSymbols.m */; };
		137050A2194530060010C481 /* EditFriendsViewController.m in Sources */ = {isa = PBXBuildFile; fileRef = 137050A1194530060010C481 /* EditFriendsViewController.m */; };
		137050A519457CDA0010C481 /* FriendsViewController.m in Sources */ = {isa = PBXBuildFile; fileRef = 137050A419457CDA0010C481 /* FriendsViewController.m */; };
		137050A8194632E90010C481 /* CameraViewController.m in Sources */ = {isa = PBXBuildFile; fileRef = 137050A7194632E90010C481 /* CameraViewController.m */; };
		137050B31947CB1C0010C481 /* ImageViewController.m in Sources */ = {isa = PBXBuildFile; fileRef = 137050B21947CB1C0010C481 /* ImageViewController.m */; };
		137050B51948306D0010C481 /* MediaPlayer.framework in Frameworks */ = {isa = PBXBuildFile; fileRef = 137050B41948306D0010C481 /* MediaPlayer.framework */; };
		137050D8194B7AC50010C481 /* TPKeyboardAvoidingScrollView.m in Sources */ = {isa = PBXBuildFile; fileRef = 137050D6194B7AC50010C481 /* TPKeyboardAvoidingScrollView.m */; };
		137050DE194BAA100010C481 /* MSCellAccessory.m in Sources */ = {isa = PBXBuildFile; fileRef = 137050DB194BAA100010C481 /* MSCellAccessory.m */; };
		137050DF194BAA100010C481 /* UIView+AccessViewController.m in Sources */ = {isa = PBXBuildFile; fileRef = 137050DD194BAA100010C481 /* UIView+AccessViewController.m */; };
		137050E2194BB7AA0010C481 /* GravatarUrlBuilder.m in Sources */ = {isa = PBXBuildFile; fileRef = 137050E0194BB7AA0010C481 /* GravatarUrlBuilder.m */; };
		13937C731B4C4F40002AE8BF /* CustomCameraViewController.m in Sources */ = {isa = PBXBuildFile; fileRef = 13937C721B4C4F40002AE8BF /* CustomCameraViewController.m */; };
		13F2DBFE1B2B5D5200FD4A46 /* Keys.plist in Resources */ = {isa = PBXBuildFile; fileRef = 13F2DBFD1B2B5D5200FD4A46 /* Keys.plist */; };
		13F454D5193EE803000ABF27 /* Foundation.framework in Frameworks */ = {isa = PBXBuildFile; fileRef = 13F454D4193EE803000ABF27 /* Foundation.framework */; };
		13F454D7193EE803000ABF27 /* CoreGraphics.framework in Frameworks */ = {isa = PBXBuildFile; fileRef = 13F454D6193EE803000ABF27 /* CoreGraphics.framework */; };
		13F454D9193EE803000ABF27 /* UIKit.framework in Frameworks */ = {isa = PBXBuildFile; fileRef = 13F454D8193EE803000ABF27 /* UIKit.framework */; };
		13F454DF193EE803000ABF27 /* InfoPlist.strings in Resources */ = {isa = PBXBuildFile; fileRef = 13F454DD193EE803000ABF27 /* InfoPlist.strings */; };
		13F454E1193EE803000ABF27 /* main.m in Sources */ = {isa = PBXBuildFile; fileRef = 13F454E0193EE803000ABF27 /* main.m */; };
		13F454E5193EE803000ABF27 /* AppDelegate.m in Sources */ = {isa = PBXBuildFile; fileRef = 13F454E4193EE803000ABF27 /* AppDelegate.m */; };
		13F454E7193EE803000ABF27 /* Images.xcassets in Resources */ = {isa = PBXBuildFile; fileRef = 13F454E6193EE803000ABF27 /* Images.xcassets */; };
		13F454EE193EE803000ABF27 /* XCTest.framework in Frameworks */ = {isa = PBXBuildFile; fileRef = 13F454ED193EE803000ABF27 /* XCTest.framework */; };
		13F454EF193EE803000ABF27 /* Foundation.framework in Frameworks */ = {isa = PBXBuildFile; fileRef = 13F454D4193EE803000ABF27 /* Foundation.framework */; };
		13F454F0193EE803000ABF27 /* UIKit.framework in Frameworks */ = {isa = PBXBuildFile; fileRef = 13F454D8193EE803000ABF27 /* UIKit.framework */; };
		13F454F8193EE803000ABF27 /* InfoPlist.strings in Resources */ = {isa = PBXBuildFile; fileRef = 13F454F6193EE803000ABF27 /* InfoPlist.strings */; };
		13F454FA193EE803000ABF27 /* PeekTests.m in Sources */ = {isa = PBXBuildFile; fileRef = 13F454F9193EE803000ABF27 /* PeekTests.m */; };
		13F45504193EE866000ABF27 /* MainStoryboard.storyboard in Resources */ = {isa = PBXBuildFile; fileRef = 13F45503193EE866000ABF27 /* MainStoryboard.storyboard */; };
		13F45517193EEDE6000ABF27 /* InboxViewController.m in Sources */ = {isa = PBXBuildFile; fileRef = 13F45516193EEDE6000ABF27 /* InboxViewController.m */; };
		13F45523193EF536000ABF27 /* AudioToolbox.framework in Frameworks */ = {isa = PBXBuildFile; fileRef = 13F4551A193EF535000ABF27 /* AudioToolbox.framework */; };
		13F45524193EF536000ABF27 /* CFNetwork.framework in Frameworks */ = {isa = PBXBuildFile; fileRef = 13F4551B193EF535000ABF27 /* CFNetwork.framework */; };
		13F45525193EF536000ABF27 /* CoreLocation.framework in Frameworks */ = {isa = PBXBuildFile; fileRef = 13F4551C193EF535000ABF27 /* CoreLocation.framework */; };
		13F45526193EF536000ABF27 /* libz.1.1.3.dylib in Frameworks */ = {isa = PBXBuildFile; fileRef = 13F4551D193EF536000ABF27 /* libz.1.1.3.dylib */; };
		13F45527193EF536000ABF27 /* MobileCoreServices.framework in Frameworks */ = {isa = PBXBuildFile; fileRef = 13F4551E193EF536000ABF27 /* MobileCoreServices.framework */; };
		13F45528193EF536000ABF27 /* QuartzCore.framework in Frameworks */ = {isa = PBXBuildFile; fileRef = 13F4551F193EF536000ABF27 /* QuartzCore.framework */; };
		13F45529193EF536000ABF27 /* Security.framework in Frameworks */ = {isa = PBXBuildFile; fileRef = 13F45520193EF536000ABF27 /* Security.framework */; };
		13F4552A193EF536000ABF27 /* StoreKit.framework in Frameworks */ = {isa = PBXBuildFile; fileRef = 13F45521193EF536000ABF27 /* StoreKit.framework */; };
		13F4552B193EF536000ABF27 /* SystemConfiguration.framework in Frameworks */ = {isa = PBXBuildFile; fileRef = 13F45522193EF536000ABF27 /* SystemConfiguration.framework */; };
		13F4552E193EF6AB000ABF27 /* LoginViewController.m in Sources */ = {isa = PBXBuildFile; fileRef = 13F4552D193EF6AB000ABF27 /* LoginViewController.m */; };
		13F45531193EF6BE000ABF27 /* SignupViewController.m in Sources */ = {isa = PBXBuildFile; fileRef = 13F45530193EF6BE000ABF27 /* SignupViewController.m */; };
		A111C48007DFB1F5D7056A76 /* libPods-Peek.a in Frameworks */ = {isa = PBXBuildFile; fileRef = BF8B71EC09D7EBA472D6E605 /* libPods-Peek.a */; };
/* End PBXBuildFile section */

/* Begin PBXContainerItemProxy section */
		13F454F1193EE803000ABF27 /* PBXContainerItemProxy */ = {
			isa = PBXContainerItemProxy;
			containerPortal = 13F454C9193EE803000ABF27 /* Project object */;
			proxyType = 1;
			remoteGlobalIDString = 13F454D0193EE803000ABF27;
			remoteInfo = Peek;
		};
/* End PBXContainerItemProxy section */

/* Begin PBXFileReference section */
		135EB1291B3A198900B647C5 /* FBMissingSymbols.m */ = {isa = PBXFileReference; fileEncoding = 4; lastKnownFileType = sourcecode.c.objc; path = FBMissingSymbols.m; sourceTree = SOURCE_ROOT; };
		135EB12B1B3A1B8C00B647C5 /* Social.framework */ = {isa = PBXFileReference; lastKnownFileType = wrapper.framework; name = Social.framework; path = System/Library/Frameworks/Social.framework; sourceTree = SDKROOT; };
		137050A0194530060010C481 /* EditFriendsViewController.h */ = {isa = PBXFileReference; fileEncoding = 4; lastKnownFileType = sourcecode.c.h; name = EditFriendsViewController.h; path = ../EditFriendsViewController.h; sourceTree = "<group>"; };
		137050A1194530060010C481 /* EditFriendsViewController.m */ = {isa = PBXFileReference; fileEncoding = 4; lastKnownFileType = sourcecode.c.objc; name = EditFriendsViewController.m; path = ../EditFriendsViewController.m; sourceTree = "<group>"; };
		137050A319457CDA0010C481 /* FriendsViewController.h */ = {isa = PBXFileReference; fileEncoding = 4; lastKnownFileType = sourcecode.c.h; name = FriendsViewController.h; path = ../FriendsViewController.h; sourceTree = "<group>"; };
		137050A419457CDA0010C481 /* FriendsViewController.m */ = {isa = PBXFileReference; fileEncoding = 4; lastKnownFileType = sourcecode.c.objc; name = FriendsViewController.m; path = ../FriendsViewController.m; sourceTree = "<group>"; };
		137050A6194632E90010C481 /* CameraViewController.h */ = {isa = PBXFileReference; fileEncoding = 4; lastKnownFileType = sourcecode.c.h; name = CameraViewController.h; path = ../CameraViewController.h; sourceTree = "<group>"; };
		137050A7194632E90010C481 /* CameraViewController.m */ = {isa = PBXFileReference; fileEncoding = 4; lastKnownFileType = sourcecode.c.objc; name = CameraViewController.m; path = ../CameraViewController.m; sourceTree = "<group>"; };
		137050B11947CB1C0010C481 /* ImageViewController.h */ = {isa = PBXFileReference; fileEncoding = 4; lastKnownFileType = sourcecode.c.h; name = ImageViewController.h; path = ../ImageViewController.h; sourceTree = "<group>"; };
		137050B21947CB1C0010C481 /* ImageViewController.m */ = {isa = PBXFileReference; fileEncoding = 4; lastKnownFileType = sourcecode.c.objc; name = ImageViewController.m; path = ../ImageViewController.m; sourceTree = "<group>"; };
		137050B41948306D0010C481 /* MediaPlayer.framework */ = {isa = PBXFileReference; lastKnownFileType = wrapper.framework; name = MediaPlayer.framework; path = System/Library/Frameworks/MediaPlayer.framework; sourceTree = SDKROOT; };
		137050D6194B7AC50010C481 /* TPKeyboardAvoidingScrollView.m */ = {isa = PBXFileReference; fileEncoding = 4; lastKnownFileType = sourcecode.c.objc; path = TPKeyboardAvoidingScrollView.m; sourceTree = "<group>"; };
		137050D7194B7AC50010C481 /* TPKeyboardAvoidingScrollView.h */ = {isa = PBXFileReference; fileEncoding = 4; lastKnownFileType = sourcecode.c.h; path = TPKeyboardAvoidingScrollView.h; sourceTree = "<group>"; };
		137050DA194BAA100010C481 /* MSCellAccessory.h */ = {isa = PBXFileReference; fileEncoding = 4; lastKnownFileType = sourcecode.c.h; path = MSCellAccessory.h; sourceTree = "<group>"; };
		137050DB194BAA100010C481 /* MSCellAccessory.m */ = {isa = PBXFileReference; fileEncoding = 4; lastKnownFileType = sourcecode.c.objc; path = MSCellAccessory.m; sourceTree = "<group>"; };
		137050DC194BAA100010C481 /* UIView+AccessViewController.h */ = {isa = PBXFileReference; fileEncoding = 4; lastKnownFileType = sourcecode.c.h; path = "UIView+AccessViewController.h"; sourceTree = "<group>"; };
		137050DD194BAA100010C481 /* UIView+AccessViewController.m */ = {isa = PBXFileReference; fileEncoding = 4; lastKnownFileType = sourcecode.c.objc; path = "UIView+AccessViewController.m"; sourceTree = "<group>"; };
		137050E0194BB7AA0010C481 /* GravatarUrlBuilder.m */ = {isa = PBXFileReference; fileEncoding = 4; lastKnownFileType = sourcecode.c.objc; path = GravatarUrlBuilder.m; sourceTree = "<group>"; };
		137050E1194BB7AA0010C481 /* GravatarUrlBuilder.h */ = {isa = PBXFileReference; fileEncoding = 4; lastKnownFileType = sourcecode.c.h; path = GravatarUrlBuilder.h; sourceTree = "<group>"; };
		13937C711B4C4F40002AE8BF /* CustomCameraViewController.h */ = {isa = PBXFileReference; fileEncoding = 4; lastKnownFileType = sourcecode.c.h; path = CustomCameraViewController.h; sourceTree = "<group>"; };
		13937C721B4C4F40002AE8BF /* CustomCameraViewController.m */ = {isa = PBXFileReference; fileEncoding = 4; lastKnownFileType = sourcecode.c.objc; path = CustomCameraViewController.m; sourceTree = "<group>"; };
		13F2DBFD1B2B5D5200FD4A46 /* Keys.plist */ = {isa = PBXFileReference; fileEncoding = 4; lastKnownFileType = text.plist.xml; path = Keys.plist; sourceTree = "<group>"; };
		13F454D1193EE803000ABF27 /* Peek.app */ = {isa = PBXFileReference; explicitFileType = wrapper.application; includeInIndex = 0; path = Peek.app; sourceTree = BUILT_PRODUCTS_DIR; };
		13F454D4193EE803000ABF27 /* Foundation.framework */ = {isa = PBXFileReference; lastKnownFileType = wrapper.framework; name = Foundation.framework; path = System/Library/Frameworks/Foundation.framework; sourceTree = SDKROOT; };
		13F454D6193EE803000ABF27 /* CoreGraphics.framework */ = {isa = PBXFileReference; lastKnownFileType = wrapper.framework; name = CoreGraphics.framework; path = System/Library/Frameworks/CoreGraphics.framework; sourceTree = SDKROOT; };
		13F454D8193EE803000ABF27 /* UIKit.framework */ = {isa = PBXFileReference; lastKnownFileType = wrapper.framework; name = UIKit.framework; path = System/Library/Frameworks/UIKit.framework; sourceTree = SDKROOT; };
		13F454DC193EE803000ABF27 /* Peek-Info.plist */ = {isa = PBXFileReference; lastKnownFileType = text.plist.xml; path = "Peek-Info.plist"; sourceTree = "<group>"; };
		13F454DE193EE803000ABF27 /* en */ = {isa = PBXFileReference; lastKnownFileType = text.plist.strings; name = en; path = en.lproj/InfoPlist.strings; sourceTree = "<group>"; };
		13F454E0193EE803000ABF27 /* main.m */ = {isa = PBXFileReference; lastKnownFileType = sourcecode.c.objc; path = main.m; sourceTree = "<group>"; };
		13F454E2193EE803000ABF27 /* Peek-Prefix.pch */ = {isa = PBXFileReference; lastKnownFileType = sourcecode.c.h; path = "Peek-Prefix.pch"; sourceTree = "<group>"; };
		13F454E3193EE803000ABF27 /* AppDelegate.h */ = {isa = PBXFileReference; lastKnownFileType = sourcecode.c.h; path = AppDelegate.h; sourceTree = "<group>"; };
		13F454E4193EE803000ABF27 /* AppDelegate.m */ = {isa = PBXFileReference; lastKnownFileType = sourcecode.c.objc; path = AppDelegate.m; sourceTree = "<group>"; };
		13F454E6193EE803000ABF27 /* Images.xcassets */ = {isa = PBXFileReference; lastKnownFileType = folder.assetcatalog; path = Images.xcassets; sourceTree = "<group>"; };
		13F454EC193EE803000ABF27 /* PeekTests.xctest */ = {isa = PBXFileReference; explicitFileType = wrapper.cfbundle; includeInIndex = 0; path = PeekTests.xctest; sourceTree = BUILT_PRODUCTS_DIR; };
		13F454ED193EE803000ABF27 /* XCTest.framework */ = {isa = PBXFileReference; lastKnownFileType = wrapper.framework; name = XCTest.framework; path = Library/Frameworks/XCTest.framework; sourceTree = DEVELOPER_DIR; };
		13F454F5193EE803000ABF27 /* PeekTests-Info.plist */ = {isa = PBXFileReference; lastKnownFileType = text.plist.xml; path = "PeekTests-Info.plist"; sourceTree = "<group>"; };
		13F454F7193EE803000ABF27 /* en */ = {isa = PBXFileReference; lastKnownFileType = text.plist.strings; name = en; path = en.lproj/InfoPlist.strings; sourceTree = "<group>"; };
		13F454F9193EE803000ABF27 /* PeekTests.m */ = {isa = PBXFileReference; lastKnownFileType = sourcecode.c.objc; path = PeekTests.m; sourceTree = "<group>"; };
		13F45503193EE866000ABF27 /* MainStoryboard.storyboard */ = {isa = PBXFileReference; fileEncoding = 4; lastKnownFileType = file.storyboard; path = MainStoryboard.storyboard; sourceTree = "<group>"; };
		13F45515193EEDE6000ABF27 /* InboxViewController.h */ = {isa = PBXFileReference; fileEncoding = 4; lastKnownFileType = sourcecode.c.h; name = InboxViewController.h; path = ../InboxViewController.h; sourceTree = "<group>"; };
		13F45516193EEDE6000ABF27 /* InboxViewController.m */ = {isa = PBXFileReference; fileEncoding = 4; lastKnownFileType = sourcecode.c.objc; name = InboxViewController.m; path = ../InboxViewController.m; sourceTree = "<group>"; };
		13F45518193EF4B2000ABF27 /* Parse.framework */ = {isa = PBXFileReference; lastKnownFileType = wrapper.framework; path = Parse.framework; sourceTree = "<group>"; };
		13F4551A193EF535000ABF27 /* AudioToolbox.framework */ = {isa = PBXFileReference; lastKnownFileType = wrapper.framework; name = AudioToolbox.framework; path = System/Library/Frameworks/AudioToolbox.framework; sourceTree = SDKROOT; };
		13F4551B193EF535000ABF27 /* CFNetwork.framework */ = {isa = PBXFileReference; lastKnownFileType = wrapper.framework; name = CFNetwork.framework; path = System/Library/Frameworks/CFNetwork.framework; sourceTree = SDKROOT; };
		13F4551C193EF535000ABF27 /* CoreLocation.framework */ = {isa = PBXFileReference; lastKnownFileType = wrapper.framework; name = CoreLocation.framework; path = System/Library/Frameworks/CoreLocation.framework; sourceTree = SDKROOT; };
		13F4551D193EF536000ABF27 /* libz.1.1.3.dylib */ = {isa = PBXFileReference; lastKnownFileType = "compiled.mach-o.dylib"; name = libz.1.1.3.dylib; path = usr/lib/libz.1.1.3.dylib; sourceTree = SDKROOT; };
		13F4551E193EF536000ABF27 /* MobileCoreServices.framework */ = {isa = PBXFileReference; lastKnownFileType = wrapper.framework; name = MobileCoreServices.framework; path = System/Library/Frameworks/MobileCoreServices.framework; sourceTree = SDKROOT; };
		13F4551F193EF536000ABF27 /* QuartzCore.framework */ = {isa = PBXFileReference; lastKnownFileType = wrapper.framework; name = QuartzCore.framework; path = System/Library/Frameworks/QuartzCore.framework; sourceTree = SDKROOT; };
		13F45520193EF536000ABF27 /* Security.framework */ = {isa = PBXFileReference; lastKnownFileType = wrapper.framework; name = Security.framework; path = System/Library/Frameworks/Security.framework; sourceTree = SDKROOT; };
		13F45521193EF536000ABF27 /* StoreKit.framework */ = {isa = PBXFileReference; lastKnownFileType = wrapper.framework; name = StoreKit.framework; path = System/Library/Frameworks/StoreKit.framework; sourceTree = SDKROOT; };
		13F45522193EF536000ABF27 /* SystemConfiguration.framework */ = {isa = PBXFileReference; lastKnownFileType = wrapper.framework; name = SystemConfiguration.framework; path = System/Library/Frameworks/SystemConfiguration.framework; sourceTree = SDKROOT; };
		13F4552C193EF6AB000ABF27 /* LoginViewController.h */ = {isa = PBXFileReference; fileEncoding = 4; lastKnownFileType = sourcecode.c.h; name = LoginViewController.h; path = ../LoginViewController.h; sourceTree = "<group>"; };
		13F4552D193EF6AB000ABF27 /* LoginViewController.m */ = {isa = PBXFileReference; fileEncoding = 4; lastKnownFileType = sourcecode.c.objc; name = LoginViewController.m; path = ../LoginViewController.m; sourceTree = "<group>"; };
		13F4552F193EF6BE000ABF27 /* SignupViewController.h */ = {isa = PBXFileReference; fileEncoding = 4; lastKnownFileType = sourcecode.c.h; name = SignupViewController.h; path = ../SignupViewController.h; sourceTree = "<group>"; };
		13F45530193EF6BE000ABF27 /* SignupViewController.m */ = {isa = PBXFileReference; fileEncoding = 4; lastKnownFileType = sourcecode.c.objc; name = SignupViewController.m; path = ../SignupViewController.m; sourceTree = "<group>"; };
		71AA7C4BC955E3A529719D5D /* Pods-Peek.release.xcconfig */ = {isa = PBXFileReference; includeInIndex = 1; lastKnownFileType = text.xcconfig; name = "Pods-Peek.release.xcconfig"; path = "Pods/Target Support Files/Pods-Peek/Pods-Peek.release.xcconfig"; sourceTree = "<group>"; };
		9BDB820FBC39F1B300626172 /* Pods-Peek.debug.xcconfig */ = {isa = PBXFileReference; includeInIndex = 1; lastKnownFileType = text.xcconfig; name = "Pods-Peek.debug.xcconfig"; path = "Pods/Target Support Files/Pods-Peek/Pods-Peek.debug.xcconfig"; sourceTree = "<group>"; };
		BF8B71EC09D7EBA472D6E605 /* libPods-Peek.a */ = {isa = PBXFileReference; explicitFileType = archive.ar; includeInIndex = 0; path = "libPods-Peek.a"; sourceTree = BUILT_PRODUCTS_DIR; };
/* End PBXFileReference section */

/* Begin PBXFrameworksBuildPhase section */
		13F454CE193EE803000ABF27 /* Frameworks */ = {
			isa = PBXFrameworksBuildPhase;
			buildActionMask = 2147483647;
			files = (
				137050B51948306D0010C481 /* MediaPlayer.framework in Frameworks */,
				13F45523193EF536000ABF27 /* AudioToolbox.framework in Frameworks */,
				13F45524193EF536000ABF27 /* CFNetwork.framework in Frameworks */,
				13F45525193EF536000ABF27 /* CoreLocation.framework in Frameworks */,
				13F45526193EF536000ABF27 /* libz.1.1.3.dylib in Frameworks */,
				13F45527193EF536000ABF27 /* MobileCoreServices.framework in Frameworks */,
				13F45528193EF536000ABF27 /* QuartzCore.framework in Frameworks */,
				13F45529193EF536000ABF27 /* Security.framework in Frameworks */,
				13F4552A193EF536000ABF27 /* StoreKit.framework in Frameworks */,
				13F4552B193EF536000ABF27 /* SystemConfiguration.framework in Frameworks */,
				13F454D7193EE803000ABF27 /* CoreGraphics.framework in Frameworks */,
				13F454D9193EE803000ABF27 /* UIKit.framework in Frameworks */,
				13F454D5193EE803000ABF27 /* Foundation.framework in Frameworks */,
				A111C48007DFB1F5D7056A76 /* libPods-Peek.a in Frameworks */,
			);
			runOnlyForDeploymentPostprocessing = 0;
		};
		13F454E9193EE803000ABF27 /* Frameworks */ = {
			isa = PBXFrameworksBuildPhase;
			buildActionMask = 2147483647;
			files = (
				13F454EE193EE803000ABF27 /* XCTest.framework in Frameworks */,
				13F454F0193EE803000ABF27 /* UIKit.framework in Frameworks */,
				13F454EF193EE803000ABF27 /* Foundation.framework in Frameworks */,
			);
			runOnlyForDeploymentPostprocessing = 0;
		};
/* End PBXFrameworksBuildPhase section */

/* Begin PBXGroup section */
		137050D9194BAA100010C481 /* MSCellAccessory */ = {
			isa = PBXGroup;
			children = (
				137050DA194BAA100010C481 /* MSCellAccessory.h */,
				137050DB194BAA100010C481 /* MSCellAccessory.m */,
				137050DC194BAA100010C481 /* UIView+AccessViewController.h */,
				137050DD194BAA100010C481 /* UIView+AccessViewController.m */,
			);
			path = MSCellAccessory;
			sourceTree = "<group>";
		};
		13F454C8193EE803000ABF27 = {
			isa = PBXGroup;
			children = (
				13F45503193EE866000ABF27 /* MainStoryboard.storyboard */,
				13F454DA193EE803000ABF27 /* Peek */,
				13F454F3193EE803000ABF27 /* PeekTests */,
				13F454D3193EE803000ABF27 /* Frameworks */,
				13F454D2193EE803000ABF27 /* Products */,
				210A7334AD7CFEE244AC4815 /* Pods */,
			);
			sourceTree = "<group>";
		};
		13F454D2193EE803000ABF27 /* Products */ = {
			isa = PBXGroup;
			children = (
				13F454D1193EE803000ABF27 /* Peek.app */,
				13F454EC193EE803000ABF27 /* PeekTests.xctest */,
			);
			name = Products;
			sourceTree = "<group>";
		};
		13F454D3193EE803000ABF27 /* Frameworks */ = {
			isa = PBXGroup;
			children = (
				135EB12B1B3A1B8C00B647C5 /* Social.framework */,
				137050B41948306D0010C481 /* MediaPlayer.framework */,
				13F4551A193EF535000ABF27 /* AudioToolbox.framework */,
				13F4551B193EF535000ABF27 /* CFNetwork.framework */,
				13F4551C193EF535000ABF27 /* CoreLocation.framework */,
				13F4551D193EF536000ABF27 /* libz.1.1.3.dylib */,
				13F4551E193EF536000ABF27 /* MobileCoreServices.framework */,
				13F4551F193EF536000ABF27 /* QuartzCore.framework */,
				13F45520193EF536000ABF27 /* Security.framework */,
				13F45521193EF536000ABF27 /* StoreKit.framework */,
				13F45522193EF536000ABF27 /* SystemConfiguration.framework */,
				13F45518193EF4B2000ABF27 /* Parse.framework */,
				13F454D4193EE803000ABF27 /* Foundation.framework */,
				13F454D6193EE803000ABF27 /* CoreGraphics.framework */,
				13F454D8193EE803000ABF27 /* UIKit.framework */,
				13F454ED193EE803000ABF27 /* XCTest.framework */,
				BF8B71EC09D7EBA472D6E605 /* libPods-Peek.a */,
			);
			name = Frameworks;
			sourceTree = "<group>";
		};
		13F454DA193EE803000ABF27 /* Peek */ = {
			isa = PBXGroup;
			children = (
				137050D9194BAA100010C481 /* MSCellAccessory */,
				13F454E3193EE803000ABF27 /* AppDelegate.h */,
				13F454E4193EE803000ABF27 /* AppDelegate.m */,
				137050A6194632E90010C481 /* CameraViewController.h */,
				137050A7194632E90010C481 /* CameraViewController.m */,
				13937C711B4C4F40002AE8BF /* CustomCameraViewController.h */,
				13937C721B4C4F40002AE8BF /* CustomCameraViewController.m */,
				137050A0194530060010C481 /* EditFriendsViewController.h */,
				137050A1194530060010C481 /* EditFriendsViewController.m */,
				137050A319457CDA0010C481 /* FriendsViewController.h */,
				137050A419457CDA0010C481 /* FriendsViewController.m */,
				137050E0194BB7AA0010C481 /* GravatarUrlBuilder.m */,
				137050E1194BB7AA0010C481 /* GravatarUrlBuilder.h */,
				13F454E6193EE803000ABF27 /* Images.xcassets */,
				137050B11947CB1C0010C481 /* ImageViewController.h */,
				137050B21947CB1C0010C481 /* ImageViewController.m */,
				13F45515193EEDE6000ABF27 /* InboxViewController.h */,
				13F45516193EEDE6000ABF27 /* InboxViewController.m */,
				13F4552C193EF6AB000ABF27 /* LoginViewController.h */,
				13F4552D193EF6AB000ABF27 /* LoginViewController.m */,
				13F4552F193EF6BE000ABF27 /* SignupViewController.h */,
				13F45530193EF6BE000ABF27 /* SignupViewController.m */,
				13F454DB193EE803000ABF27 /* Supporting Files */,
				137050D7194B7AC50010C481 /* TPKeyboardAvoidingScrollView.h */,
				137050D6194B7AC50010C481 /* TPKeyboardAvoidingScrollView.m */,
				135EB1291B3A198900B647C5 /* FBMissingSymbols.m */,
			);
			path = Peek;
			sourceTree = "<group>";
		};
		13F454DB193EE803000ABF27 /* Supporting Files */ = {
			isa = PBXGroup;
			children = (
				13F454DC193EE803000ABF27 /* Peek-Info.plist */,
				13F454DD193EE803000ABF27 /* InfoPlist.strings */,
				13F454E0193EE803000ABF27 /* main.m */,
				13F454E2193EE803000ABF27 /* Peek-Prefix.pch */,
				13F2DBFD1B2B5D5200FD4A46 /* Keys.plist */,
			);
			name = "Supporting Files";
			sourceTree = "<group>";
		};
		13F454F3193EE803000ABF27 /* PeekTests */ = {
			isa = PBXGroup;
			children = (
				13F454F9193EE803000ABF27 /* PeekTests.m */,
				13F454F4193EE803000ABF27 /* Supporting Files */,
			);
			path = PeekTests;
			sourceTree = "<group>";
		};
		13F454F4193EE803000ABF27 /* Supporting Files */ = {
			isa = PBXGroup;
			children = (
				13F454F5193EE803000ABF27 /* PeekTests-Info.plist */,
				13F454F6193EE803000ABF27 /* InfoPlist.strings */,
			);
			name = "Supporting Files";
			sourceTree = "<group>";
		};
		210A7334AD7CFEE244AC4815 /* Pods */ = {
			isa = PBXGroup;
			children = (
				9BDB820FBC39F1B300626172 /* Pods-Peek.debug.xcconfig */,
				71AA7C4BC955E3A529719D5D /* Pods-Peek.release.xcconfig */,
			);
			name = Pods;
			sourceTree = "<group>";
		};
/* End PBXGroup section */

/* Begin PBXNativeTarget section */
		13F454D0193EE803000ABF27 /* Peek */ = {
			isa = PBXNativeTarget;
			buildConfigurationList = 13F454FD193EE803000ABF27 /* Build configuration list for PBXNativeTarget "Peek" */;
			buildPhases = (
				B4BD89744E7C0806EAF8F382 /* Check Pods Manifest.lock */,
				13F454CD193EE803000ABF27 /* Sources */,
				13F454CE193EE803000ABF27 /* Frameworks */,
				13F454CF193EE803000ABF27 /* Resources */,
				44569409AD1A1285DFC76962 /* Copy Pods Resources */,
			);
			buildRules = (
			);
			dependencies = (
			);
			name = Peek;
			productName = Peek;
			productReference = 13F454D1193EE803000ABF27 /* Peek.app */;
			productType = "com.apple.product-type.application";
		};
		13F454EB193EE803000ABF27 /* PeekTests */ = {
			isa = PBXNativeTarget;
			buildConfigurationList = 13F45500193EE803000ABF27 /* Build configuration list for PBXNativeTarget "PeekTests" */;
			buildPhases = (
				13F454E8193EE803000ABF27 /* Sources */,
				13F454E9193EE803000ABF27 /* Frameworks */,
				13F454EA193EE803000ABF27 /* Resources */,
			);
			buildRules = (
			);
			dependencies = (
				13F454F2193EE803000ABF27 /* PBXTargetDependency */,
			);
			name = PeekTests;
			productName = PeekTests;
			productReference = 13F454EC193EE803000ABF27 /* PeekTests.xctest */;
			productType = "com.apple.product-type.bundle.unit-test";
		};
/* End PBXNativeTarget section */

/* Begin PBXProject section */
		13F454C9193EE803000ABF27 /* Project object */ = {
			isa = PBXProject;
			attributes = {
				LastUpgradeCheck = 0510;
				ORGANIZATIONNAME = "Willy Husted";
				TargetAttributes = {
					13F454D0193EE803000ABF27 = {
						DevelopmentTeam = PB5NC8BPJ6;
					};
					13F454EB193EE803000ABF27 = {
						TestTargetID = 13F454D0193EE803000ABF27;
					};
				};
			};
			buildConfigurationList = 13F454CC193EE803000ABF27 /* Build configuration list for PBXProject "Peek" */;
			compatibilityVersion = "Xcode 3.2";
			developmentRegion = English;
			hasScannedForEncodings = 0;
			knownRegions = (
				en,
			);
			mainGroup = 13F454C8193EE803000ABF27;
			productRefGroup = 13F454D2193EE803000ABF27 /* Products */;
			projectDirPath = "";
			projectRoot = "";
			targets = (
				13F454D0193EE803000ABF27 /* Peek */,
				13F454EB193EE803000ABF27 /* PeekTests */,
			);
		};
/* End PBXProject section */

/* Begin PBXResourcesBuildPhase section */
		13F454CF193EE803000ABF27 /* Resources */ = {
			isa = PBXResourcesBuildPhase;
			buildActionMask = 2147483647;
			files = (
				13F2DBFE1B2B5D5200FD4A46 /* Keys.plist in Resources */,
				13F45504193EE866000ABF27 /* MainStoryboard.storyboard in Resources */,
				13F454DF193EE803000ABF27 /* InfoPlist.strings in Resources */,
				13F454E7193EE803000ABF27 /* Images.xcassets in Resources */,
			);
			runOnlyForDeploymentPostprocessing = 0;
		};
		13F454EA193EE803000ABF27 /* Resources */ = {
			isa = PBXResourcesBuildPhase;
			buildActionMask = 2147483647;
			files = (
				13F454F8193EE803000ABF27 /* InfoPlist.strings in Resources */,
			);
			runOnlyForDeploymentPostprocessing = 0;
		};
/* End PBXResourcesBuildPhase section */

/* Begin PBXShellScriptBuildPhase section */
		44569409AD1A1285DFC76962 /* Copy Pods Resources */ = {
			isa = PBXShellScriptBuildPhase;
			buildActionMask = 2147483647;
			files = (
			);
			inputPaths = (
			);
			name = "Copy Pods Resources";
			outputPaths = (
			);
			runOnlyForDeploymentPostprocessing = 0;
			shellPath = /bin/sh;
			shellScript = "\"${SRCROOT}/Pods/Target Support Files/Pods-Peek/Pods-Peek-resources.sh\"\n";
			showEnvVarsInLog = 0;
		};
		B4BD89744E7C0806EAF8F382 /* Check Pods Manifest.lock */ = {
			isa = PBXShellScriptBuildPhase;
			buildActionMask = 2147483647;
			files = (
			);
			inputPaths = (
			);
			name = "Check Pods Manifest.lock";
			outputPaths = (
			);
			runOnlyForDeploymentPostprocessing = 0;
			shellPath = /bin/sh;
			shellScript = "diff \"${PODS_ROOT}/../Podfile.lock\" \"${PODS_ROOT}/Manifest.lock\" > /dev/null\nif [[ $? != 0 ]] ; then\n    cat << EOM\nerror: The sandbox is not in sync with the Podfile.lock. Run 'pod install' or update your CocoaPods installation.\nEOM\n    exit 1\nfi\n";
			showEnvVarsInLog = 0;
		};
/* End PBXShellScriptBuildPhase section */

/* Begin PBXSourcesBuildPhase section */
		13F454CD193EE803000ABF27 /* Sources */ = {
			isa = PBXSourcesBuildPhase;
			buildActionMask = 2147483647;
			files = (
				13F4552E193EF6AB000ABF27 /* LoginViewController.m in Sources */,
				137050D8194B7AC50010C481 /* TPKeyboardAvoidingScrollView.m in Sources */,
				137050A8194632E90010C481 /* CameraViewController.m in Sources */,
				13F454E5193EE803000ABF27 /* AppDelegate.m in Sources */,
				137050E2194BB7AA0010C481 /* GravatarUrlBuilder.m in Sources */,
				137050A519457CDA0010C481 /* FriendsViewController.m in Sources */,
				13F454E1193EE803000ABF27 /* main.m in Sources */,
				137050DE194BAA100010C481 /* MSCellAccessory.m in Sources */,
				135EB12A1B3A198A00B647C5 /* FBMissingSymbols.m in Sources */,
				13937C731B4C4F40002AE8BF /* CustomCameraViewController.m in Sources */,
				13F45517193EEDE6000ABF27 /* InboxViewController.m in Sources */,
				137050B31947CB1C0010C481 /* ImageViewController.m in Sources */,
				137050DF194BAA100010C481 /* UIView+AccessViewController.m in Sources */,
				137050A2194530060010C481 /* EditFriendsViewController.m in Sources */,
				13F45531193EF6BE000ABF27 /* SignupViewController.m in Sources */,
			);
			runOnlyForDeploymentPostprocessing = 0;
		};
		13F454E8193EE803000ABF27 /* Sources */ = {
			isa = PBXSourcesBuildPhase;
			buildActionMask = 2147483647;
			files = (
				13F454FA193EE803000ABF27 /* PeekTests.m in Sources */,
			);
			runOnlyForDeploymentPostprocessing = 0;
		};
/* End PBXSourcesBuildPhase section */

/* Begin PBXTargetDependency section */
		13F454F2193EE803000ABF27 /* PBXTargetDependency */ = {
			isa = PBXTargetDependency;
			target = 13F454D0193EE803000ABF27 /* Peek */;
			targetProxy = 13F454F1193EE803000ABF27 /* PBXContainerItemProxy */;
		};
/* End PBXTargetDependency section */

/* Begin PBXVariantGroup section */
		13F454DD193EE803000ABF27 /* InfoPlist.strings */ = {
			isa = PBXVariantGroup;
			children = (
				13F454DE193EE803000ABF27 /* en */,
			);
			name = InfoPlist.strings;
			sourceTree = "<group>";
		};
		13F454F6193EE803000ABF27 /* InfoPlist.strings */ = {
			isa = PBXVariantGroup;
			children = (
				13F454F7193EE803000ABF27 /* en */,
			);
			name = InfoPlist.strings;
			sourceTree = "<group>";
		};
/* End PBXVariantGroup section */

/* Begin XCBuildConfiguration section */
		13F454FB193EE803000ABF27 /* Debug */ = {
			isa = XCBuildConfiguration;
			buildSettings = {
				ALWAYS_SEARCH_USER_PATHS = NO;
				CLANG_CXX_LANGUAGE_STANDARD = "gnu++0x";
				CLANG_CXX_LIBRARY = "libc++";
				CLANG_ENABLE_MODULES = YES;
				CLANG_ENABLE_OBJC_ARC = YES;
				CLANG_WARN_BOOL_CONVERSION = YES;
				CLANG_WARN_CONSTANT_CONVERSION = YES;
				CLANG_WARN_DIRECT_OBJC_ISA_USAGE = YES_ERROR;
				CLANG_WARN_EMPTY_BODY = YES;
				CLANG_WARN_ENUM_CONVERSION = YES;
				CLANG_WARN_INT_CONVERSION = YES;
				CLANG_WARN_OBJC_ROOT_CLASS = YES_ERROR;
				CLANG_WARN__DUPLICATE_METHOD_MATCH = YES;
				"CODE_SIGN_IDENTITY[sdk=iphoneos*]" = "iPhone Developer";
				COPY_PHASE_STRIP = NO;
				GCC_C_LANGUAGE_STANDARD = gnu99;
				GCC_DYNAMIC_NO_PIC = NO;
				GCC_OPTIMIZATION_LEVEL = 0;
				GCC_PREPROCESSOR_DEFINITIONS = (
					"DEBUG=1",
					"$(inherited)",
				);
				GCC_SYMBOLS_PRIVATE_EXTERN = NO;
				GCC_WARN_64_TO_32_BIT_CONVERSION = YES;
				GCC_WARN_ABOUT_RETURN_TYPE = YES_ERROR;
				GCC_WARN_UNDECLARED_SELECTOR = YES;
				GCC_WARN_UNINITIALIZED_AUTOS = YES_AGGRESSIVE;
				GCC_WARN_UNUSED_FUNCTION = YES;
				GCC_WARN_UNUSED_VARIABLE = YES;
				IPHONEOS_DEPLOYMENT_TARGET = 7.1;
				ONLY_ACTIVE_ARCH = YES;
				SDKROOT = iphoneos;
			};
			name = Debug;
		};
		13F454FC193EE803000ABF27 /* Release */ = {
			isa = XCBuildConfiguration;
			buildSettings = {
				ALWAYS_SEARCH_USER_PATHS = NO;
				CLANG_CXX_LANGUAGE_STANDARD = "gnu++0x";
				CLANG_CXX_LIBRARY = "libc++";
				CLANG_ENABLE_MODULES = YES;
				CLANG_ENABLE_OBJC_ARC = YES;
				CLANG_WARN_BOOL_CONVERSION = YES;
				CLANG_WARN_CONSTANT_CONVERSION = YES;
				CLANG_WARN_DIRECT_OBJC_ISA_USAGE = YES_ERROR;
				CLANG_WARN_EMPTY_BODY = YES;
				CLANG_WARN_ENUM_CONVERSION = YES;
				CLANG_WARN_INT_CONVERSION = YES;
				CLANG_WARN_OBJC_ROOT_CLASS = YES_ERROR;
				CLANG_WARN__DUPLICATE_METHOD_MATCH = YES;
				"CODE_SIGN_IDENTITY[sdk=iphoneos*]" = "iPhone Developer";
				COPY_PHASE_STRIP = YES;
				ENABLE_NS_ASSERTIONS = NO;
				GCC_C_LANGUAGE_STANDARD = gnu99;
				GCC_WARN_64_TO_32_BIT_CONVERSION = YES;
				GCC_WARN_ABOUT_RETURN_TYPE = YES_ERROR;
				GCC_WARN_UNDECLARED_SELECTOR = YES;
				GCC_WARN_UNINITIALIZED_AUTOS = YES_AGGRESSIVE;
				GCC_WARN_UNUSED_FUNCTION = YES;
				GCC_WARN_UNUSED_VARIABLE = YES;
				IPHONEOS_DEPLOYMENT_TARGET = 7.1;
				SDKROOT = iphoneos;
				VALIDATE_PRODUCT = YES;
			};
			name = Release;
		};
		13F454FE193EE803000ABF27 /* Debug */ = {
			isa = XCBuildConfiguration;
			baseConfigurationReference = 9BDB820FBC39F1B300626172 /* Pods-Peek.debug.xcconfig */;
			buildSettings = {
				ASSETCATALOG_COMPILER_APPICON_NAME = AppIcon;
				ASSETCATALOG_COMPILER_LAUNCHIMAGE_NAME = LaunchImage;
				CODE_SIGN_IDENTITY = "iPhone Developer";
				"CODE_SIGN_IDENTITY[sdk=iphoneos*]" = "iPhone Developer";
				FRAMEWORK_SEARCH_PATHS = (
					"$(inherited)",
					"$(PROJECT_DIR)",
				);
				GCC_PRECOMPILE_PREFIX_HEADER = YES;
				GCC_PREFIX_HEADER = "Peek/Peek-Prefix.pch";
				INFOPLIST_FILE = "Peek/Peek-Info.plist";
				PRODUCT_NAME = "$(TARGET_NAME)";
				PROVISIONING_PROFILE = "";
				WRAPPER_EXTENSION = app;
			};
			name = Debug;
		};
		13F454FF193EE803000ABF27 /* Release */ = {
			isa = XCBuildConfiguration;
			baseConfigurationReference = 71AA7C4BC955E3A529719D5D /* Pods-Peek.release.xcconfig */;
			buildSettings = {
				ASSETCATALOG_COMPILER_APPICON_NAME = AppIcon;
				ASSETCATALOG_COMPILER_LAUNCHIMAGE_NAME = LaunchImage;
				CODE_SIGN_IDENTITY = "iPhone Developer";
				"CODE_SIGN_IDENTITY[sdk=iphoneos*]" = "iPhone Developer";
				FRAMEWORK_SEARCH_PATHS = (
					"$(inherited)",
					"$(PROJECT_DIR)",
				);
				GCC_PRECOMPILE_PREFIX_HEADER = YES;
				GCC_PREFIX_HEADER = "Peek/Peek-Prefix.pch";
				INFOPLIST_FILE = "Peek/Peek-Info.plist";
				PRODUCT_NAME = "$(TARGET_NAME)";
				PROVISIONING_PROFILE = "";
				WRAPPER_EXTENSION = app;
			};
			name = Release;
		};
		13F45501193EE803000ABF27 /* Debug */ = {
			isa = XCBuildConfiguration;
			buildSettings = {
				BUNDLE_LOADER = "$(BUILT_PRODUCTS_DIR)/Peek.app/Peek";
				FRAMEWORK_SEARCH_PATHS = (
					"$(SDKROOT)/Developer/Library/Frameworks",
					"$(inherited)",
					"$(DEVELOPER_FRAMEWORKS_DIR)",
				);
				GCC_PRECOMPILE_PREFIX_HEADER = YES;
				GCC_PREFIX_HEADER = "Peek/Peek-Prefix.pch";
				GCC_PREPROCESSOR_DEFINITIONS = (
					"DEBUG=1",
					"$(inherited)",
				);
				INFOPLIST_FILE = "PeekTests/PeekTests-Info.plist";
				PRODUCT_NAME = "$(TARGET_NAME)";
				TEST_HOST = "$(BUNDLE_LOADER)";
				WRAPPER_EXTENSION = xctest;
			};
			name = Debug;
		};
		13F45502193EE803000ABF27 /* Release */ = {
			isa = XCBuildConfiguration;
			buildSettings = {
				BUNDLE_LOADER = "$(BUILT_PRODUCTS_DIR)/Peek.app/Peek";
				FRAMEWORK_SEARCH_PATHS = (
					"$(SDKROOT)/Developer/Library/Frameworks",
					"$(inherited)",
					"$(DEVELOPER_FRAMEWORKS_DIR)",
				);
				GCC_PRECOMPILE_PREFIX_HEADER = YES;
				GCC_PREFIX_HEADER = "Peek/Peek-Prefix.pch";
				INFOPLIST_FILE = "PeekTests/PeekTests-Info.plist";
				PRODUCT_NAME = "$(TARGET_NAME)";
				TEST_HOST = "$(BUNDLE_LOADER)";
				WRAPPER_EXTENSION = xctest;
			};
			name = Release;
		};
/* End XCBuildConfiguration section */

/* Begin XCConfigurationList section */
		13F454CC193EE803000ABF27 /* Build configuration list for PBXProject "Peek" */ = {
			isa = XCConfigurationList;
			buildConfigurations = (
				13F454FB193EE803000ABF27 /* Debug */,
				13F454FC193EE803000ABF27 /* Release */,
			);
			defaultConfigurationIsVisible = 0;
			defaultConfigurationName = Release;
		};
		13F454FD193EE803000ABF27 /* Build configuration list for PBXNativeTarget "Peek" */ = {
			isa = XCConfigurationList;
			buildConfigurations = (
				13F454FE193EE803000ABF27 /* Debug */,
				13F454FF193EE803000ABF27 /* Release */,
			);
			defaultConfigurationIsVisible = 0;
			defaultConfigurationName = Release;
		};
		13F45500193EE803000ABF27 /* Build configuration list for PBXNativeTarget "PeekTests" */ = {
			isa = XCConfigurationList;
			buildConfigurations = (
				13F45501193EE803000ABF27 /* Debug */,
				13F45502193EE803000ABF27 /* Release */,
			);
			defaultConfigurationIsVisible = 0;
			defaultConfigurationName = Release;
		};
/* End XCConfigurationList section */
	};
	rootObject = 13F454C9193EE803000ABF27 /* Project object */;
}
